
Microsoft Visual Studio Solution File, Format Version 12.00
# Visual Studio Version 17
VisualStudioVersion = 17.12.35527.113
MinimumVisualStudioVersion = 10.0.40219.1
Project("{FAE04EC0-301F-11D3-BF4B-00C04F79EFBC}") = "PlatformService2", "PlatformService2\PlatformService2.csproj", "{40545010-2E8B-46D8-8989-3FA6DBF9A62B}"
EndProject
Project("{FAE04EC0-301F-11D3-BF4B-00C04F79EFBC}") = "CommandService", "CommandService\CommandService.csproj", "{0D6F986D-26D9-41E9-8356-898E6E113352}"
EndProject
Project("{2150E333-8FDC-42A3-9474-1A3956D46DE8}") = "K8s", "K8s", "{577B686B-D6E8-4054-A8B9-22749B621A14}"
	ProjectSection(SolutionItems) = preProject
		K8s\command-depl.yaml = K8s\command-depl.yaml
		K8s\ingress-srv.yaml = K8s\ingress-srv.yaml
		K8s\local_pvc.yaml = K8s\local_pvc.yaml
		K8s\mssql-plat-depl.yaml = K8s\mssql-plat-depl.yaml
		K8s\platform-depl.yaml = K8s\platform-depl.yaml
		K8s\platformnp-srv.yaml = K8s\platformnp-srv.yaml
		K8s\rabbitmq-depl.yaml = K8s\rabbitmq-depl.yaml
	EndProjectSection
EndProject
Global
	GlobalSection(SolutionConfigurationPlatforms) = preSolution
		Debug|Any CPU = Debug|Any CPU
		Release|Any CPU = Release|Any CPU
	EndGlobalSection
	GlobalSection(ProjectConfigurationPlatforms) = postSolution
		{40545010-2E8B-46D8-8989-3FA6DBF9A62B}.Debug|Any CPU.ActiveCfg = Debug|Any CPU
		{40545010-2E8B-46D8-8989-3FA6DBF9A62B}.Debug|Any CPU.Build.0 = Debug|Any CPU
		{40545010-2E8B-46D8-8989-3FA6DBF9A62B}.Release|Any CPU.ActiveCfg = Release|Any CPU
		{40545010-2E8B-46D8-8989-3FA6DBF9A62B}.Release|Any CPU.Build.0 = Release|Any CPU
		{0D6F986D-26D9-41E9-8356-898E6E113352}.Debug|Any CPU.ActiveCfg = Debug|Any CPU
		{0D6F986D-26D9-41E9-8356-898E6E113352}.Debug|Any CPU.Build.0 = Debug|Any CPU
		{0D6F986D-26D9-41E9-8356-898E6E113352}.Release|Any CPU.ActiveCfg = Release|Any CPU
		{0D6F986D-26D9-41E9-8356-898E6E113352}.Release|Any CPU.Build.0 = Release|Any CPU
	EndGlobalSection
	GlobalSection(SolutionProperties) = preSolution
		HideSolutionNode = FALSE
	EndGlobalSection
EndGlobal
